
Microsoft Visual Studio Solution File, Format Version 12.00
# Visual Studio Version 16
VisualStudioVersion = 16.0.29905.134
MinimumVisualStudioVersion = 10.0.40219.1
Project("{FAE04EC0-301F-11D3-BF4B-00C04F79EFBC}") = "RmkXlsToXmlFull", "RmkXlsToXmlFull\RmkXlsToXmlFull.csproj", "{46F4A99C-E53B-4527-BC9F-201C59BF0ED7}"
EndProject
Global
	GlobalSection(SolutionConfigurationPlatforms) = preSolution
		Debug|Any CPU = Debug|Any CPU
		Release|Any CPU = Release|Any CPU
	EndGlobalSection
	GlobalSection(ProjectConfigurationPlatforms) = postSolution
		{46F4A99C-E53B-4527-BC9F-201C59BF0ED7}.Debug|Any CPU.ActiveCfg = Debug|Any CPU
		{46F4A99C-E53B-4527-BC9F-201C59BF0ED7}.Debug|Any CPU.Build.0 = Debug|Any CPU
		{46F4A99C-E53B-4527-BC9F-201C59BF0ED7}.Release|Any CPU.ActiveCfg = Release|Any CPU
		{46F4A99C-E53B-4527-BC9F-201C59BF0ED7}.Release|Any CPU.Build.0 = Release|Any CPU
	EndGlobalSection
	GlobalSection(SolutionProperties) = preSolution
		HideSolutionNode = FALSE
	EndGlobalSection
	GlobalSection(ExtensibilityGlobals) = postSolution
		SolutionGuid = {1BF81F41-38AB-4396-8AC6-02B4727112DD}
	EndGlobalSection
EndGlobal
